PODS:
  - Flutter (1.0.0)
  - flutter_ble_lib (0.0.1):
    - Flutter
    - RxBluetoothKit (= 4.0.2)
    - SwiftProtobuf (~> 1.0)
  - RxBluetoothKit (4.0.2):
    - RxSwift (~> 4.0)
  - RxSwift (4.1.2)
  - SwiftProtobuf (1.0.3)

DEPENDENCIES:
  - Flutter (from `/Users/paweljaneczek/flutter/bin/cache/artifacts/engine/ios`)
  - flutter_ble_lib (from `/Users/paweljaneczek/Workspace/FlutterBleLib/ios`)

SPEC REPOS:
  https://github.com/cocoapods/specs.git:
    - RxBluetoothKit
    - RxSwift
    - SwiftProtobuf

EXTERNAL SOURCES:
  Flutter:
    :path: "/Users/paweljaneczek/flutter/bin/cache/artifacts/engine/ios"
  flutter_ble_lib:
    :path: "/Users/paweljaneczek/Workspace/FlutterBleLib/ios"

SPEC CHECKSUMS:
  Flutter: 9d0fac939486c9aba2809b7982dfdbb47a7b0296
  flutter_ble_lib: fbbf019a83b1ca09386dcbb7a7090e35fdefbd22
  RxBluetoothKit: 34adec556c1b3cb71f144d8477968c4f21c6aaf9
  RxSwift: e49536837d9901277638493ea537394d4b55f570
  SwiftProtobuf: 5ccc0e4054e37c75800e5744acb2aa80bb72b39c

PODFILE CHECKSUM: 60265d80b65b5048dc19881b2124df71eaaf3d71

COCOAPODS: 1.5.2
